
Microsoft Visual Studio Solution File, Format Version 12.00
# Visual Studio Version 17
VisualStudioVersion = 17.13.35825.156 d17.13
MinimumVisualStudioVersion = 10.0.40219.1
Project("{2150E333-8FDC-42A3-9474-1A3956D46DE8}") = "docs", "docs", "{A34BE231-6D0F-4548-AFC6-F3C11BF28E9F}"
	ProjectSection(SolutionItems) = preProject
		docs\Chet.QuartzNet.UI 发布指南.md = docs\Chet.QuartzNet.UI 发布指南.md
		docs\QuartzNet.UI 通知功能使用指南.md = docs\QuartzNet.UI 通知功能使用指南.md
		docs\README.md = docs\README.md
		docs\QuartzNet.UI 邮件通知功能使用指南.md = docs\QuartzNet.UI 邮件通知功能使用指南.md
		docs\数据库迁移生成指南与使用说明.md = docs\数据库迁移生成指南与使用说明.md
		docs\使用NuGet包的数据库存储方式与迁移指南.md = docs\使用NuGet包的数据库存储方式与迁移指南.md
		docs\集成式 EFCore 使用指南.md = docs\集成式 EFCore 使用指南.md
	EndProjectSection
EndProject
Project("{2150E333-8FDC-42A3-9474-1A3956D46DE8}") = "nuget", "nuget", "{894710E2-1439-4520-8D0C-826C788FF6E8}"
	ProjectSection(SolutionItems) = preProject
		build-nuget.bat = build-nuget.bat
		build-nuget.sh = build-nuget.sh
		Chet.QuartzNet.UI.nuspec = Chet.QuartzNet.UI.nuspec
	EndProjectSection
EndProject
Project("{2150E333-8FDC-42A3-9474-1A3956D46DE8}") = "examples", "examples", "{626708D2-DC7B-4DDC-9A97-A8D10C88541B}"
EndProject
Project("{FAE04EC0-301F-11D3-BF4B-00C04F79EFBC}") = "Chet.QuartzNet.File.Example", "examples\Chet.QuartzNet.File.Example\Chet.QuartzNet.File.Example.csproj", "{12345678-1234-5678-9012-345678901234}"
EndProject
Project("{FAE04EC0-301F-11D3-BF4B-00C04F79EFBC}") = "Chet.QuartzNet.Database.Example", "examples\Chet.QuartzNet.Database.Example\Chet.QuartzNet.Database.Example.csproj", "{2FCF5268-A277-4018-8697-89AC00F5D7B4}"
EndProject
Project("{2150E333-8FDC-42A3-9474-1A3956D46DE8}") = "src", "src", "{A1B2C3D4-E5F6-7890-ABCD-EF1234567890}"
EndProject
Project("{FAE04EC0-301F-11D3-BF4B-00C04F79EFBC}") = "Chet.QuartzNet.UI", "src\Chet.QuartzNet.UI\Chet.QuartzNet.UI.csproj", "{45D9CCA7-B3A8-4F63-A527-3D892AC62EE3}"
EndProject
Project("{FAE04EC0-301F-11D3-BF4B-00C04F79EFBC}") = "Chet.QuartzNet.Core", "src\Chet.QuartzNet.Core\Chet.QuartzNet.Core.csproj", "{A784AE70-A4B8-4561-9CEB-FF1F15C17E8F}"
EndProject
Project("{FAE04EC0-301F-11D3-BF4B-00C04F79EFBC}") = "Chet.QuartzNet.EFCore", "src\Chet.QuartzNet.EFCore\Chet.QuartzNet.EFCore.csproj", "{F1F1CE09-2F12-4095-9B8A-351401F39D40}"
EndProject
Project("{FAE04EC0-301F-11D3-BF4B-00C04F79EFBC}") = "Chet.QuartzNet.Models", "src\Chet.QuartzNet.Models\Chet.QuartzNet.Models.csproj", "{6D8CD448-59BA-47AF-B286-629AF5B16145}"
EndProject
Project("{FAE04EC0-301F-11D3-BF4B-00C04F79EFBC}") = "Chet.QuartzNet.EFCore.MySQL", "src\Chet.QuartzNet.EFCore.MySQL\Chet.QuartzNet.EFCore.MySQL.csproj", "{D8C2DDC5-D91B-46A7-983B-F0691F108A57}"
EndProject
Project("{FAE04EC0-301F-11D3-BF4B-00C04F79EFBC}") = "Chet.QuartzNet.EFCore.PostgreSQL", "src\Chet.QuartzNet.EFCore.PostgreSql\Chet.QuartzNet.EFCore.PostgreSQL.csproj", "{04C33EE3-88F7-4218-A7A6-24B64072E1FC}"
EndProject
Project("{FAE04EC0-301F-11D3-BF4B-00C04F79EFBC}") = "Chet.QuartzNet.EFCore.SqlServer", "src\Chet.QuartzNet.EFCore.SqlServer\Chet.QuartzNet.EFCore.SqlServer.csproj", "{BCE61F2C-876A-4AF9-AA9F-BBBE0D6D8D3B}"
EndProject
Project("{FAE04EC0-301F-11D3-BF4B-00C04F79EFBC}") = "Chet.QuartzNet.EFCore.SQLite", "src\Chet.QuartzNet.EFCore.SQLite\Chet.QuartzNet.EFCore.SQLite.csproj", "{C039CA01-2D2C-4463-A188-C4B5F3106273}"
EndProject
Global
	GlobalSection(SolutionConfigurationPlatforms) = preSolution
		Debug|Any CPU = Debug|Any CPU
		Debug|x64 = Debug|x64
		Debug|x86 = Debug|x86
		Release|Any CPU = Release|Any CPU
		Release|x64 = Release|x64
		Release|x86 = Release|x86
	EndGlobalSection
	GlobalSection(ProjectConfigurationPlatforms) = postSolution
		{12345678-1234-5678-9012-345678901234}.Debug|Any CPU.ActiveCfg = Debug|Any CPU
		{12345678-1234-5678-9012-345678901234}.Debug|Any CPU.Build.0 = Debug|Any CPU
		{12345678-1234-5678-9012-345678901234}.Debug|x64.ActiveCfg = Debug|Any CPU
		{12345678-1234-5678-9012-345678901234}.Debug|x64.Build.0 = Debug|Any CPU
		{12345678-1234-5678-9012-345678901234}.Debug|x86.ActiveCfg = Debug|Any CPU
		{12345678-1234-5678-9012-345678901234}.Debug|x86.Build.0 = Debug|Any CPU
		{12345678-1234-5678-9012-345678901234}.Release|Any CPU.ActiveCfg = Release|Any CPU
		{12345678-1234-5678-9012-345678901234}.Release|Any CPU.Build.0 = Release|Any CPU
		{12345678-1234-5678-9012-345678901234}.Release|x64.ActiveCfg = Release|Any CPU
		{12345678-1234-5678-9012-345678901234}.Release|x64.Build.0 = Release|Any CPU
		{12345678-1234-5678-9012-345678901234}.Release|x86.ActiveCfg = Release|Any CPU
		{12345678-1234-5678-9012-345678901234}.Release|x86.Build.0 = Release|Any CPU
		{2FCF5268-A277-4018-8697-89AC00F5D7B4}.Debug|Any CPU.ActiveCfg = Debug|Any CPU
		{2FCF5268-A277-4018-8697-89AC00F5D7B4}.Debug|Any CPU.Build.0 = Debug|Any CPU
		{2FCF5268-A277-4018-8697-89AC00F5D7B4}.Debug|x64.ActiveCfg = Debug|Any CPU
		{2FCF5268-A277-4018-8697-89AC00F5D7B4}.Debug|x64.Build.0 = Debug|Any CPU
		{2FCF5268-A277-4018-8697-89AC00F5D7B4}.Debug|x86.ActiveCfg = Debug|Any CPU
		{2FCF5268-A277-4018-8697-89AC00F5D7B4}.Debug|x86.Build.0 = Debug|Any CPU
		{2FCF5268-A277-4018-8697-89AC00F5D7B4}.Release|Any CPU.ActiveCfg = Release|Any CPU
		{2FCF5268-A277-4018-8697-89AC00F5D7B4}.Release|Any CPU.Build.0 = Release|Any CPU
		{2FCF5268-A277-4018-8697-89AC00F5D7B4}.Release|x64.ActiveCfg = Release|Any CPU
		{2FCF5268-A277-4018-8697-89AC00F5D7B4}.Release|x64.Build.0 = Release|Any CPU
		{2FCF5268-A277-4018-8697-89AC00F5D7B4}.Release|x86.ActiveCfg = Release|Any CPU
		{2FCF5268-A277-4018-8697-89AC00F5D7B4}.Release|x86.Build.0 = Release|Any CPU
		{45D9CCA7-B3A8-4F63-A527-3D892AC62EE3}.Debug|Any CPU.ActiveCfg = Debug|Any CPU
		{45D9CCA7-B3A8-4F63-A527-3D892AC62EE3}.Debug|Any CPU.Build.0 = Debug|Any CPU
		{45D9CCA7-B3A8-4F63-A527-3D892AC62EE3}.Debug|x64.ActiveCfg = Debug|Any CPU
		{45D9CCA7-B3A8-4F63-A527-3D892AC62EE3}.Debug|x64.Build.0 = Debug|Any CPU
		{45D9CCA7-B3A8-4F63-A527-3D892AC62EE3}.Debug|x86.ActiveCfg = Debug|Any CPU
		{45D9CCA7-B3A8-4F63-A527-3D892AC62EE3}.Debug|x86.Build.0 = Debug|Any CPU
		{45D9CCA7-B3A8-4F63-A527-3D892AC62EE3}.Release|Any CPU.ActiveCfg = Release|Any CPU
		{45D9CCA7-B3A8-4F63-A527-3D892AC62EE3}.Release|Any CPU.Build.0 = Release|Any CPU
		{45D9CCA7-B3A8-4F63-A527-3D892AC62EE3}.Release|x64.ActiveCfg = Release|Any CPU
		{45D9CCA7-B3A8-4F63-A527-3D892AC62EE3}.Release|x64.Build.0 = Release|Any CPU
		{45D9CCA7-B3A8-4F63-A527-3D892AC62EE3}.Release|x86.ActiveCfg = Release|Any CPU
		{45D9CCA7-B3A8-4F63-A527-3D892AC62EE3}.Release|x86.Build.0 = Release|Any CPU
		{A784AE70-A4B8-4561-9CEB-FF1F15C17E8F}.Debug|Any CPU.ActiveCfg = Debug|Any CPU
		{A784AE70-A4B8-4561-9CEB-FF1F15C17E8F}.Debug|Any CPU.Build.0 = Debug|Any CPU
		{A784AE70-A4B8-4561-9CEB-FF1F15C17E8F}.Debug|x64.ActiveCfg = Debug|Any CPU
		{A784AE70-A4B8-4561-9CEB-FF1F15C17E8F}.Debug|x64.Build.0 = Debug|Any CPU
		{A784AE70-A4B8-4561-9CEB-FF1F15C17E8F}.Debug|x86.ActiveCfg = Debug|Any CPU
		{A784AE70-A4B8-4561-9CEB-FF1F15C17E8F}.Debug|x86.Build.0 = Debug|Any CPU
		{A784AE70-A4B8-4561-9CEB-FF1F15C17E8F}.Release|Any CPU.ActiveCfg = Release|Any CPU
		{A784AE70-A4B8-4561-9CEB-FF1F15C17E8F}.Release|Any CPU.Build.0 = Release|Any CPU
		{A784AE70-A4B8-4561-9CEB-FF1F15C17E8F}.Release|x64.ActiveCfg = Release|Any CPU
		{A784AE70-A4B8-4561-9CEB-FF1F15C17E8F}.Release|x64.Build.0 = Release|Any CPU
		{A784AE70-A4B8-4561-9CEB-FF1F15C17E8F}.Release|x86.ActiveCfg = Release|Any CPU
		{A784AE70-A4B8-4561-9CEB-FF1F15C17E8F}.Release|x86.Build.0 = Release|Any CPU
		{F1F1CE09-2F12-4095-9B8A-351401F39D40}.Debug|Any CPU.ActiveCfg = Debug|Any CPU
		{F1F1CE09-2F12-4095-9B8A-351401F39D40}.Debug|Any CPU.Build.0 = Debug|Any CPU
		{F1F1CE09-2F12-4095-9B8A-351401F39D40}.Debug|x64.ActiveCfg = Debug|Any CPU
		{F1F1CE09-2F12-4095-9B8A-351401F39D40}.Debug|x64.Build.0 = Debug|Any CPU
		{F1F1CE09-2F12-4095-9B8A-351401F39D40}.Debug|x86.ActiveCfg = Debug|Any CPU
		{F1F1CE09-2F12-4095-9B8A-351401F39D40}.Debug|x86.Build.0 = Debug|Any CPU
		{F1F1CE09-2F12-4095-9B8A-351401F39D40}.Release|Any CPU.ActiveCfg = Release|Any CPU
		{F1F1CE09-2F12-4095-9B8A-351401F39D40}.Release|Any CPU.Build.0 = Release|Any CPU
		{F1F1CE09-2F12-4095-9B8A-351401F39D40}.Release|x64.ActiveCfg = Release|Any CPU
		{F1F1CE09-2F12-4095-9B8A-351401F39D40}.Release|x64.Build.0 = Release|Any CPU
		{F1F1CE09-2F12-4095-9B8A-351401F39D40}.Release|x86.ActiveCfg = Release|Any CPU
		{F1F1CE09-2F12-4095-9B8A-351401F39D40}.Release|x86.Build.0 = Release|Any CPU
		{6D8CD448-59BA-47AF-B286-629AF5B16145}.Debug|Any CPU.ActiveCfg = Debug|Any CPU
		{6D8CD448-59BA-47AF-B286-629AF5B16145}.Debug|Any CPU.Build.0 = Debug|Any CPU
		{6D8CD448-59BA-47AF-B286-629AF5B16145}.Debug|x64.ActiveCfg = Debug|Any CPU
		{6D8CD448-59BA-47AF-B286-629AF5B16145}.Debug|x64.Build.0 = Debug|Any CPU
		{6D8CD448-59BA-47AF-B286-629AF5B16145}.Debug|x86.ActiveCfg = Debug|Any CPU
		{6D8CD448-59BA-47AF-B286-629AF5B16145}.Debug|x86.Build.0 = Debug|Any CPU
		{6D8CD448-59BA-47AF-B286-629AF5B16145}.Release|Any CPU.ActiveCfg = Release|Any CPU
		{6D8CD448-59BA-47AF-B286-629AF5B16145}.Release|Any CPU.Build.0 = Release|Any CPU
		{6D8CD448-59BA-47AF-B286-629AF5B16145}.Release|x64.ActiveCfg = Release|Any CPU
		{6D8CD448-59BA-47AF-B286-629AF5B16145}.Release|x64.Build.0 = Release|Any CPU
		{6D8CD448-59BA-47AF-B286-629AF5B16145}.Release|x86.ActiveCfg = Release|Any CPU
		{6D8CD448-59BA-47AF-B286-629AF5B16145}.Release|x86.Build.0 = Release|Any CPU
		{D8C2DDC5-D91B-46A7-983B-F0691F108A57}.Debug|Any CPU.ActiveCfg = Debug|Any CPU
		{D8C2DDC5-D91B-46A7-983B-F0691F108A57}.Debug|Any CPU.Build.0 = Debug|Any CPU
		{D8C2DDC5-D91B-46A7-983B-F0691F108A57}.Debug|x64.ActiveCfg = Debug|Any CPU
		{D8C2DDC5-D91B-46A7-983B-F0691F108A57}.Debug|x64.Build.0 = Debug|Any CPU
		{D8C2DDC5-D91B-46A7-983B-F0691F108A57}.Debug|x86.ActiveCfg = Debug|Any CPU
		{D8C2DDC5-D91B-46A7-983B-F0691F108A57}.Debug|x86.Build.0 = Debug|Any CPU
		{D8C2DDC5-D91B-46A7-983B-F0691F108A57}.Release|Any CPU.ActiveCfg = Release|Any CPU
		{D8C2DDC5-D91B-46A7-983B-F0691F108A57}.Release|Any CPU.Build.0 = Release|Any CPU
		{D8C2DDC5-D91B-46A7-983B-F0691F108A57}.Release|x64.ActiveCfg = Release|Any CPU
		{D8C2DDC5-D91B-46A7-983B-F0691F108A57}.Release|x64.Build.0 = Release|Any CPU
		{D8C2DDC5-D91B-46A7-983B-F0691F108A57}.Release|x86.ActiveCfg = Release|Any CPU
		{D8C2DDC5-D91B-46A7-983B-F0691F108A57}.Release|x86.Build.0 = Release|Any CPU
		{04C33EE3-88F7-4218-A7A6-24B64072E1FC}.Debug|Any CPU.ActiveCfg = Debug|Any CPU
		{04C33EE3-88F7-4218-A7A6-24B64072E1FC}.Debug|Any CPU.Build.0 = Debug|Any CPU
		{04C33EE3-88F7-4218-A7A6-24B64072E1FC}.Debug|x64.ActiveCfg = Debug|Any CPU
		{04C33EE3-88F7-4218-A7A6-24B64072E1FC}.Debug|x64.Build.0 = Debug|Any CPU
		{04C33EE3-88F7-4218-A7A6-24B64072E1FC}.Debug|x86.ActiveCfg = Debug|Any CPU
		{04C33EE3-88F7-4218-A7A6-24B64072E1FC}.Debug|x86.Build.0 = Debug|Any CPU
		{04C33EE3-88F7-4218-A7A6-24B64072E1FC}.Release|Any CPU.ActiveCfg = Release|Any CPU
		{04C33EE3-88F7-4218-A7A6-24B64072E1FC}.Release|Any CPU.Build.0 = Release|Any CPU
		{04C33EE3-88F7-4218-A7A6-24B64072E1FC}.Release|x64.ActiveCfg = Release|Any CPU
		{04C33EE3-88F7-4218-A7A6-24B64072E1FC}.Release|x64.Build.0 = Release|Any CPU
		{04C33EE3-88F7-4218-A7A6-24B64072E1FC}.Release|x86.ActiveCfg = Release|Any CPU
		{04C33EE3-88F7-4218-A7A6-24B64072E1FC}.Release|x86.Build.0 = Release|Any CPU
		{BCE61F2C-876A-4AF9-AA9F-BBBE0D6D8D3B}.Debug|Any CPU.ActiveCfg = Debug|Any CPU
		{BCE61F2C-876A-4AF9-AA9F-BBBE0D6D8D3B}.Debug|Any CPU.Build.0 = Debug|Any CPU
		{BCE61F2C-876A-4AF9-AA9F-BBBE0D6D8D3B}.Debug|x64.ActiveCfg = Debug|Any CPU
		{BCE61F2C-876A-4AF9-AA9F-BBBE0D6D8D3B}.Debug|x64.Build.0 = Debug|Any CPU
		{BCE61F2C-876A-4AF9-AA9F-BBBE0D6D8D3B}.Debug|x86.ActiveCfg = Debug|Any CPU
		{BCE61F2C-876A-4AF9-AA9F-BBBE0D6D8D3B}.Debug|x86.Build.0 = Debug|Any CPU
		{BCE61F2C-876A-4AF9-AA9F-BBBE0D6D8D3B}.Release|Any CPU.ActiveCfg = Release|Any CPU
		{BCE61F2C-876A-4AF9-AA9F-BBBE0D6D8D3B}.Release|Any CPU.Build.0 = Release|Any CPU
		{BCE61F2C-876A-4AF9-AA9F-BBBE0D6D8D3B}.Release|x64.ActiveCfg = Release|Any CPU
		{BCE61F2C-876A-4AF9-AA9F-BBBE0D6D8D3B}.Release|x64.Build.0 = Release|Any CPU
		{BCE61F2C-876A-4AF9-AA9F-BBBE0D6D8D3B}.Release|x86.ActiveCfg = Release|Any CPU
		{BCE61F2C-876A-4AF9-AA9F-BBBE0D6D8D3B}.Release|x86.Build.0 = Release|Any CPU
		{C039CA01-2D2C-4463-A188-C4B5F3106273}.Debug|Any CPU.ActiveCfg = Debug|Any CPU
		{C039CA01-2D2C-4463-A188-C4B5F3106273}.Debug|Any CPU.Build.0 = Debug|Any CPU
		{C039CA01-2D2C-4463-A188-C4B5F3106273}.Debug|x64.ActiveCfg = Debug|Any CPU
		{C039CA01-2D2C-4463-A188-C4B5F3106273}.Debug|x64.Build.0 = Debug|Any CPU
		{C039CA01-2D2C-4463-A188-C4B5F3106273}.Debug|x86.ActiveCfg = Debug|Any CPU
		{C039CA01-2D2C-4463-A188-C4B5F3106273}.Debug|x86.Build.0 = Debug|Any CPU
		{C039CA01-2D2C-4463-A188-C4B5F3106273}.Release|Any CPU.ActiveCfg = Release|Any CPU
		{C039CA01-2D2C-4463-A188-C4B5F3106273}.Release|Any CPU.Build.0 = Release|Any CPU
		{C039CA01-2D2C-4463-A188-C4B5F3106273}.Release|x64.ActiveCfg = Release|Any CPU
		{C039CA01-2D2C-4463-A188-C4B5F3106273}.Release|x64.Build.0 = Release|Any CPU
		{C039CA01-2D2C-4463-A188-C4B5F3106273}.Release|x86.ActiveCfg = Release|Any CPU
		{C039CA01-2D2C-4463-A188-C4B5F3106273}.Release|x86.Build.0 = Release|Any CPU
	EndGlobalSection
	GlobalSection(SolutionProperties) = preSolution
		HideSolutionNode = FALSE
	EndGlobalSection
	GlobalSection(NestedProjects) = preSolution
		{12345678-1234-5678-9012-345678901234} = {626708D2-DC7B-4DDC-9A97-A8D10C88541B}
		{2FCF5268-A277-4018-8697-89AC00F5D7B4} = {626708D2-DC7B-4DDC-9A97-A8D10C88541B}
		{45D9CCA7-B3A8-4F63-A527-3D892AC62EE3} = {A1B2C3D4-E5F6-7890-ABCD-EF1234567890}
		{A784AE70-A4B8-4561-9CEB-FF1F15C17E8F} = {A1B2C3D4-E5F6-7890-ABCD-EF1234567890}
		{F1F1CE09-2F12-4095-9B8A-351401F39D40} = {A1B2C3D4-E5F6-7890-ABCD-EF1234567890}
		{6D8CD448-59BA-47AF-B286-629AF5B16145} = {A1B2C3D4-E5F6-7890-ABCD-EF1234567890}
		{D8C2DDC5-D91B-46A7-983B-F0691F108A57} = {A1B2C3D4-E5F6-7890-ABCD-EF1234567890}
		{04C33EE3-88F7-4218-A7A6-24B64072E1FC} = {A1B2C3D4-E5F6-7890-ABCD-EF1234567890}
		{BCE61F2C-876A-4AF9-AA9F-BBBE0D6D8D3B} = {A1B2C3D4-E5F6-7890-ABCD-EF1234567890}
		{C039CA01-2D2C-4463-A188-C4B5F3106273} = {A1B2C3D4-E5F6-7890-ABCD-EF1234567890}
	EndGlobalSection
	GlobalSection(ExtensibilityGlobals) = postSolution
		SolutionGuid = {EDDDF562-F39F-449B-B8E0-0B9CA556BDEE}
	EndGlobalSection
EndGlobal
